// !$*UTF8*$!
{
	archiveVersion = 1;
	classes = {
	};
	objectVersion = 51;
	objects = {

/* Begin PBXBuildFile section */
		7CA029FF6490D7B1AD8DE3D1 /* Pods_MyMealPrep.framework in Frameworks */ = {isa = PBXBuildFile; fileRef = 594590204B3C45938088DE5D /* Pods_MyMealPrep.framework */; };
		EB3CF60525D34F7F00AF6B91 /* AppDelegate.swift in Sources */ = {isa = PBXBuildFile; fileRef = EB3CF60425D34F7F00AF6B91 /* AppDelegate.swift */; };
		EB3CF60725D34F7F00AF6B91 /* SceneDelegate.swift in Sources */ = {isa = PBXBuildFile; fileRef = EB3CF60625D34F7F00AF6B91 /* SceneDelegate.swift */; };
		EB3CF60C25D34F7F00AF6B91 /* Main.storyboard in Resources */ = {isa = PBXBuildFile; fileRef = EB3CF60A25D34F7F00AF6B91 /* Main.storyboard */; };
		EB3CF60E25D34F7F00AF6B91 /* Assets.xcassets in Resources */ = {isa = PBXBuildFile; fileRef = EB3CF60D25D34F7F00AF6B91 /* Assets.xcassets */; };
		EB3CF61125D34F7F00AF6B91 /* LaunchScreen.storyboard in Resources */ = {isa = PBXBuildFile; fileRef = EB3CF60F25D34F7F00AF6B91 /* LaunchScreen.storyboard */; };
		EB3CF62625D350B000AF6B91 /* GoogleService-Info.plist in Resources */ = {isa = PBXBuildFile; fileRef = EB3CF62525D350B000AF6B91 /* GoogleService-Info.plist */; };
		EB3CF63D25D3621000AF6B91 /* User.swift in Sources */ = {isa = PBXBuildFile; fileRef = EB3CF63C25D3621000AF6B91 /* User.swift */; };
		EB3CF64125D363B000AF6B91 /* UserError.swift in Sources */ = {isa = PBXBuildFile; fileRef = EB3CF64025D363B000AF6B91 /* UserError.swift */; };
		EB3CF64725D364FD00AF6B91 /* UserController.swift in Sources */ = {isa = PBXBuildFile; fileRef = EB3CF64625D364FD00AF6B91 /* UserController.swift */; };
		EB3CF64C25D379F600AF6B91 /* Colors.xcassets in Resources */ = {isa = PBXBuildFile; fileRef = EB3CF64B25D379F600AF6B91 /* Colors.xcassets */; };
		EB94E28F25D4578C000A518C /* Recipe.swift in Sources */ = {isa = PBXBuildFile; fileRef = EB94E28E25D4578C000A518C /* Recipe.swift */; };
		EB94E29225D45E27000A518C /* RecipeController.swift in Sources */ = {isa = PBXBuildFile; fileRef = EB94E29125D45E27000A518C /* RecipeController.swift */; };
		EB94E29525D46046000A518C /* RecipeError.swift in Sources */ = {isa = PBXBuildFile; fileRef = EB94E29425D46046000A518C /* RecipeError.swift */; };
		EB94E29A25D482D0000A518C /* SignUpViewController.swift in Sources */ = {isa = PBXBuildFile; fileRef = EB94E29925D482D0000A518C /* SignUpViewController.swift */; };
		EB94E29D25D482DB000A518C /* SignInViewController.swift in Sources */ = {isa = PBXBuildFile; fileRef = EB94E29C25D482DB000A518C /* SignInViewController.swift */; };
		EB94E2B925D49285000A518C /* HomeScreen.storyboard in Resources */ = {isa = PBXBuildFile; fileRef = EB94E2B825D49285000A518C /* HomeScreen.storyboard */; };
		EB94E32525D5F1E3000A518C /* MealPlan.swift in Sources */ = {isa = PBXBuildFile; fileRef = EB94E32425D5F1E3000A518C /* MealPlan.swift */; };
		EB94E32825D5F35C000A518C /* ShoppingList.swift in Sources */ = {isa = PBXBuildFile; fileRef = EB94E32725D5F35C000A518C /* ShoppingList.swift */; };
		EB94E32D25D633A4000A518C /* Profile.storyboard in Resources */ = {isa = PBXBuildFile; fileRef = EB94E32C25D633A4000A518C /* Profile.storyboard */; };
		EB94E33025D633BA000A518C /* ShoppingList.storyboard in Resources */ = {isa = PBXBuildFile; fileRef = EB94E32F25D633BA000A518C /* ShoppingList.storyboard */; };
		EB94E33325D633D0000A518C /* RecipeBook.storyboard in Resources */ = {isa = PBXBuildFile; fileRef = EB94E33225D633D0000A518C /* RecipeBook.storyboard */; };
		EB94E33725D6349F000A518C /* MealPlan.storyboard in Resources */ = {isa = PBXBuildFile; fileRef = EB94E33625D6349F000A518C /* MealPlan.storyboard */; };
		EB94E33F25D738DE000A518C /* MealPlanListViewController.swift in Sources */ = {isa = PBXBuildFile; fileRef = EB94E33E25D738DE000A518C /* MealPlanListViewController.swift */; };
		EB94E37825D759FA000A518C /* MealPlanListTableViewCell.swift in Sources */ = {isa = PBXBuildFile; fileRef = EB94E37725D759FA000A518C /* MealPlanListTableViewCell.swift */; };
		EB94E37B25D77FA7000A518C /* SelectMealPlanDateViewController.swift in Sources */ = {isa = PBXBuildFile; fileRef = EB94E37A25D77FA7000A518C /* SelectMealPlanDateViewController.swift */; };
		EB94E37E25D781AB000A518C /* MealPlanController.swift in Sources */ = {isa = PBXBuildFile; fileRef = EB94E37D25D781AB000A518C /* MealPlanController.swift */; };
		EB94E38A25D78BA9000A518C /* MealPlanDetailViewController.swift in Sources */ = {isa = PBXBuildFile; fileRef = EB94E38925D78BA9000A518C /* MealPlanDetailViewController.swift */; };
		EB94E3C225D79A05000A518C /* ProfileViewController.swift in Sources */ = {isa = PBXBuildFile; fileRef = EB94E3C125D79A05000A518C /* ProfileViewController.swift */; };
		EB94E47725DAFDD3000A518C /* SelectMealPlanRecipesTableViewController.swift in Sources */ = {isa = PBXBuildFile; fileRef = EB94E47625DAFDD3000A518C /* SelectMealPlanRecipesTableViewController.swift */; };
/* End PBXBuildFile section */

/* Begin PBXFileReference section */
		010CCC4B42CD8BCBCF168AFD /* Pods-MyMealPrep.debug.xcconfig */ = {isa = PBXFileReference; includeInIndex = 1; lastKnownFileType = text.xcconfig; name = "Pods-MyMealPrep.debug.xcconfig"; path = "Target Support Files/Pods-MyMealPrep/Pods-MyMealPrep.debug.xcconfig"; sourceTree = "<group>"; };
		594590204B3C45938088DE5D /* Pods_MyMealPrep.framework */ = {isa = PBXFileReference; explicitFileType = wrapper.framework; includeInIndex = 0; path = Pods_MyMealPrep.framework; sourceTree = BUILT_PRODUCTS_DIR; };
		B16BE7CC59D54E9FD50F2B1D /* Pods-MyMealPrep.release.xcconfig */ = {isa = PBXFileReference; includeInIndex = 1; lastKnownFileType = text.xcconfig; name = "Pods-MyMealPrep.release.xcconfig"; path = "Target Support Files/Pods-MyMealPrep/Pods-MyMealPrep.release.xcconfig"; sourceTree = "<group>"; };
		EB3CF60125D34F7F00AF6B91 /* MyMealPrep.app */ = {isa = PBXFileReference; explicitFileType = wrapper.application; includeInIndex = 0; path = MyMealPrep.app; sourceTree = BUILT_PRODUCTS_DIR; };
		EB3CF60425D34F7F00AF6B91 /* AppDelegate.swift */ = {isa = PBXFileReference; lastKnownFileType = sourcecode.swift; path = AppDelegate.swift; sourceTree = "<group>"; };
		EB3CF60625D34F7F00AF6B91 /* SceneDelegate.swift */ = {isa = PBXFileReference; lastKnownFileType = sourcecode.swift; path = SceneDelegate.swift; sourceTree = "<group>"; };
		EB3CF60B25D34F7F00AF6B91 /* Base */ = {isa = PBXFileReference; lastKnownFileType = file.storyboard; name = Base; path = Base.lproj/Main.storyboard; sourceTree = "<group>"; };
		EB3CF60D25D34F7F00AF6B91 /* Assets.xcassets */ = {isa = PBXFileReference; lastKnownFileType = folder.assetcatalog; path = Assets.xcassets; sourceTree = "<group>"; };
		EB3CF61025D34F7F00AF6B91 /* Base */ = {isa = PBXFileReference; lastKnownFileType = file.storyboard; name = Base; path = Base.lproj/LaunchScreen.storyboard; sourceTree = "<group>"; };
		EB3CF61225D34F7F00AF6B91 /* Info.plist */ = {isa = PBXFileReference; lastKnownFileType = text.plist.xml; path = Info.plist; sourceTree = "<group>"; };
		EB3CF62525D350B000AF6B91 /* GoogleService-Info.plist */ = {isa = PBXFileReference; fileEncoding = 4; lastKnownFileType = text.plist.xml; path = "GoogleService-Info.plist"; sourceTree = "<group>"; };
		EB3CF63C25D3621000AF6B91 /* User.swift */ = {isa = PBXFileReference; lastKnownFileType = sourcecode.swift; path = User.swift; sourceTree = "<group>"; };
		EB3CF64025D363B000AF6B91 /* UserError.swift */ = {isa = PBXFileReference; lastKnownFileType = sourcecode.swift; path = UserError.swift; sourceTree = "<group>"; };
		EB3CF64625D364FD00AF6B91 /* UserController.swift */ = {isa = PBXFileReference; lastKnownFileType = sourcecode.swift; path = UserController.swift; sourceTree = "<group>"; };
		EB3CF64B25D379F600AF6B91 /* Colors.xcassets */ = {isa = PBXFileReference; lastKnownFileType = folder.assetcatalog; path = Colors.xcassets; sourceTree = "<group>"; };
		EB94E28E25D4578C000A518C /* Recipe.swift */ = {isa = PBXFileReference; lastKnownFileType = sourcecode.swift; path = Recipe.swift; sourceTree = "<group>"; };
		EB94E29125D45E27000A518C /* RecipeController.swift */ = {isa = PBXFileReference; lastKnownFileType = sourcecode.swift; path = RecipeController.swift; sourceTree = "<group>"; };
		EB94E29425D46046000A518C /* RecipeError.swift */ = {isa = PBXFileReference; lastKnownFileType = sourcecode.swift; path = RecipeError.swift; sourceTree = "<group>"; };
		EB94E29925D482D0000A518C /* SignUpViewController.swift */ = {isa = PBXFileReference; lastKnownFileType = sourcecode.swift; path = SignUpViewController.swift; sourceTree = "<group>"; };
		EB94E29C25D482DB000A518C /* SignInViewController.swift */ = {isa = PBXFileReference; lastKnownFileType = sourcecode.swift; path = SignInViewController.swift; sourceTree = "<group>"; };
		EB94E2B825D49285000A518C /* HomeScreen.storyboard */ = {isa = PBXFileReference; lastKnownFileType = file.storyboard; path = HomeScreen.storyboard; sourceTree = "<group>"; };
		EB94E32425D5F1E3000A518C /* MealPlan.swift */ = {isa = PBXFileReference; lastKnownFileType = sourcecode.swift; path = MealPlan.swift; sourceTree = "<group>"; };
		EB94E32725D5F35C000A518C /* ShoppingList.swift */ = {isa = PBXFileReference; lastKnownFileType = sourcecode.swift; path = ShoppingList.swift; sourceTree = "<group>"; };
		EB94E32C25D633A4000A518C /* Profile.storyboard */ = {isa = PBXFileReference; lastKnownFileType = file.storyboard; path = Profile.storyboard; sourceTree = "<group>"; };
		EB94E32F25D633BA000A518C /* ShoppingList.storyboard */ = {isa = PBXFileReference; lastKnownFileType = file.storyboard; path = ShoppingList.storyboard; sourceTree = "<group>"; };
		EB94E33225D633D0000A518C /* RecipeBook.storyboard */ = {isa = PBXFileReference; lastKnownFileType = file.storyboard; path = RecipeBook.storyboard; sourceTree = "<group>"; };
		EB94E33625D6349F000A518C /* MealPlan.storyboard */ = {isa = PBXFileReference; lastKnownFileType = file.storyboard; path = MealPlan.storyboard; sourceTree = "<group>"; };
		EB94E33E25D738DE000A518C /* MealPlanListViewController.swift */ = {isa = PBXFileReference; lastKnownFileType = sourcecode.swift; path = MealPlanListViewController.swift; sourceTree = "<group>"; };
		EB94E37725D759FA000A518C /* MealPlanListTableViewCell.swift */ = {isa = PBXFileReference; lastKnownFileType = sourcecode.swift; path = MealPlanListTableViewCell.swift; sourceTree = "<group>"; };
		EB94E37A25D77FA7000A518C /* SelectMealPlanDateViewController.swift */ = {isa = PBXFileReference; lastKnownFileType = sourcecode.swift; path = SelectMealPlanDateViewController.swift; sourceTree = "<group>"; };
		EB94E37D25D781AB000A518C /* MealPlanController.swift */ = {isa = PBXFileReference; lastKnownFileType = sourcecode.swift; path = MealPlanController.swift; sourceTree = "<group>"; };
		EB94E38925D78BA9000A518C /* MealPlanDetailViewController.swift */ = {isa = PBXFileReference; lastKnownFileType = sourcecode.swift; path = MealPlanDetailViewController.swift; sourceTree = "<group>"; };
		EB94E3C125D79A05000A518C /* ProfileViewController.swift */ = {isa = PBXFileReference; lastKnownFileType = sourcecode.swift; path = ProfileViewController.swift; sourceTree = "<group>"; };
		EB94E47625DAFDD3000A518C /* SelectMealPlanRecipesTableViewController.swift */ = {isa = PBXFileReference; lastKnownFileType = sourcecode.swift; path = SelectMealPlanRecipesTableViewController.swift; sourceTree = "<group>"; };
/* End PBXFileReference section */

/* Begin PBXFrameworksBuildPhase section */
		EB3CF5FE25D34F7F00AF6B91 /* Frameworks */ = {
			isa = PBXFrameworksBuildPhase;
			buildActionMask = 2147483647;
			files = (
				7CA029FF6490D7B1AD8DE3D1 /* Pods_MyMealPrep.framework in Frameworks */,
			);
			runOnlyForDeploymentPostprocessing = 0;
		};
/* End PBXFrameworksBuildPhase section */

/* Begin PBXGroup section */
		C87828C9BE0C020D4B27C2D3 /* Frameworks */ = {
			isa = PBXGroup;
			children = (
				594590204B3C45938088DE5D /* Pods_MyMealPrep.framework */,
			);
			name = Frameworks;
			sourceTree = "<group>";
		};
		CF565873188FA0386C5FDF54 /* Pods */ = {
			isa = PBXGroup;
			children = (
				010CCC4B42CD8BCBCF168AFD /* Pods-MyMealPrep.debug.xcconfig */,
				B16BE7CC59D54E9FD50F2B1D /* Pods-MyMealPrep.release.xcconfig */,
			);
			path = Pods;
			sourceTree = "<group>";
		};
		EB3CF5F825D34F7F00AF6B91 = {
			isa = PBXGroup;
			children = (
				EB3CF60325D34F7F00AF6B91 /* MyMealPrep */,
				EB3CF60225D34F7F00AF6B91 /* Products */,
				CF565873188FA0386C5FDF54 /* Pods */,
				C87828C9BE0C020D4B27C2D3 /* Frameworks */,
			);
			sourceTree = "<group>";
		};
		EB3CF60225D34F7F00AF6B91 /* Products */ = {
			isa = PBXGroup;
			children = (
				EB3CF60125D34F7F00AF6B91 /* MyMealPrep.app */,
			);
			name = Products;
			sourceTree = "<group>";
		};
		EB3CF60325D34F7F00AF6B91 /* MyMealPrep */ = {
			isa = PBXGroup;
			children = (
				EB3CF61A25D34FCF00AF6B91 /* Models */,
				EB3CF61B25D34FD000AF6B91 /* Controllers */,
				EB3CF61C25D34FD000AF6B91 /* Views */,
				EB3CF63F25D3637100AF6B91 /* Helpers + Extensions */,
				EB3CF61D25D34FD000AF6B91 /* Resources */,
			);
			path = MyMealPrep;
			sourceTree = "<group>";
		};
		EB3CF61A25D34FCF00AF6B91 /* Models */ = {
			isa = PBXGroup;
			children = (
				EB3CF63C25D3621000AF6B91 /* User.swift */,
				EB94E28E25D4578C000A518C /* Recipe.swift */,
				EB94E32425D5F1E3000A518C /* MealPlan.swift */,
				EB94E32725D5F35C000A518C /* ShoppingList.swift */,
			);
			path = Models;
			sourceTree = "<group>";
		};
		EB3CF61B25D34FD000AF6B91 /* Controllers */ = {
			isa = PBXGroup;
			children = (
				EB3CF61E25D34FE100AF6B91 /* Model Controllers */,
				EB3CF61F25D34FE100AF6B91 /* ViewControllers */,
			);
			path = Controllers;
			sourceTree = "<group>";
		};
		EB3CF61C25D34FD000AF6B91 /* Views */ = {
			isa = PBXGroup;
			children = (
				EB3CF62125D34FF400AF6B91 /* CustomUI */,
				EB3CF65125D3A39000AF6B91 /* Custom Cells */,
				EB3CF62025D34FF300AF6B91 /* Storyboards */,
			);
			path = Views;
			sourceTree = "<group>";
		};
		EB3CF61D25D34FD000AF6B91 /* Resources */ = {
			isa = PBXGroup;
			children = (
				EB3CF60425D34F7F00AF6B91 /* AppDelegate.swift */,
				EB3CF60625D34F7F00AF6B91 /* SceneDelegate.swift */,
				EB3CF60D25D34F7F00AF6B91 /* Assets.xcassets */,
				EB3CF64B25D379F600AF6B91 /* Colors.xcassets */,
				EB3CF61225D34F7F00AF6B91 /* Info.plist */,
				EB3CF62525D350B000AF6B91 /* GoogleService-Info.plist */,
			);
			path = Resources;
			sourceTree = "<group>";
		};
		EB3CF61E25D34FE100AF6B91 /* Model Controllers */ = {
			isa = PBXGroup;
			children = (
				EB3CF64625D364FD00AF6B91 /* UserController.swift */,
				EB94E29125D45E27000A518C /* RecipeController.swift */,
				EB94E37D25D781AB000A518C /* MealPlanController.swift */,
			);
			path = "Model Controllers";
			sourceTree = "<group>";
		};
		EB3CF61F25D34FE100AF6B91 /* ViewControllers */ = {
			isa = PBXGroup;
			children = (
				EB94E47B25DAFDD8000A518C /* HomeScreenVCs */,
				EB94E47A25DAFDD7000A518C /* RecipeBookVCs */,
				EB94E47C25DAFDD8000A518C /* MealPlanVCs */,
				EB94E47925DAFDD7000A518C /* ProfileVCs */,
			);
			path = ViewControllers;
			sourceTree = "<group>";
		};
		EB3CF62025D34FF300AF6B91 /* Storyboards */ = {
			isa = PBXGroup;
			children = (
				EB3CF60A25D34F7F00AF6B91 /* Main.storyboard */,
				EB94E2B825D49285000A518C /* HomeScreen.storyboard */,
				EB94E33225D633D0000A518C /* RecipeBook.storyboard */,
				EB94E33625D6349F000A518C /* MealPlan.storyboard */,
				EB94E32F25D633BA000A518C /* ShoppingList.storyboard */,
				EB94E32C25D633A4000A518C /* Profile.storyboard */,
				EB3CF60F25D34F7F00AF6B91 /* LaunchScreen.storyboard */,
			);
			path = Storyboards;
			sourceTree = "<group>";
		};
		EB3CF62125D34FF400AF6B91 /* CustomUI */ = {
			isa = PBXGroup;
			children = (
			);
			path = CustomUI;
			sourceTree = "<group>";
		};
		EB3CF63F25D3637100AF6B91 /* Helpers + Extensions */ = {
			isa = PBXGroup;
			children = (
				EB3CF64425D363B400AF6B91 /* Error Handling */,
			);
			path = "Helpers + Extensions";
			sourceTree = "<group>";
		};
		EB3CF64425D363B400AF6B91 /* Error Handling */ = {
			isa = PBXGroup;
			children = (
				EB3CF64025D363B000AF6B91 /* UserError.swift */,
				EB94E29425D46046000A518C /* RecipeError.swift */,
			);
			path = "Error Handling";
			sourceTree = "<group>";
		};
		EB3CF65125D3A39000AF6B91 /* Custom Cells */ = {
			isa = PBXGroup;
			children = (
				EB94E37725D759FA000A518C /* MealPlanListTableViewCell.swift */,
			);
			path = "Custom Cells";
			sourceTree = "<group>";
		};
		EB94E47925DAFDD7000A518C /* ProfileVCs */ = {
			isa = PBXGroup;
			children = (
				EB94E29925D482D0000A518C /* SignUpViewController.swift */,
				EB94E29C25D482DB000A518C /* SignInViewController.swift */,
				EB94E3C125D79A05000A518C /* ProfileViewController.swift */,
			);
			path = ProfileVCs;
			sourceTree = "<group>";
		};
		EB94E47A25DAFDD7000A518C /* RecipeBookVCs */ = {
			isa = PBXGroup;
			children = (
			);
			path = RecipeBookVCs;
			sourceTree = "<group>";
		};
		EB94E47B25DAFDD8000A518C /* HomeScreenVCs */ = {
			isa = PBXGroup;
			children = (
			);
			path = HomeScreenVCs;
			sourceTree = "<group>";
		};
		EB94E47C25DAFDD8000A518C /* MealPlanVCs */ = {
			isa = PBXGroup;
			children = (
				EB94E33E25D738DE000A518C /* MealPlanListViewController.swift */,
				EB94E37A25D77FA7000A518C /* SelectMealPlanDateViewController.swift */,
				EB94E38925D78BA9000A518C /* MealPlanDetailViewController.swift */,
				EB94E47625DAFDD3000A518C /* SelectMealPlanRecipesTableViewController.swift */,
			);
			path = MealPlanVCs;
			sourceTree = "<group>";
		};
/* End PBXGroup section */

/* Begin PBXNativeTarget section */
		EB3CF60025D34F7F00AF6B91 /* MyMealPrep */ = {
			isa = PBXNativeTarget;
			buildConfigurationList = EB3CF61525D34F7F00AF6B91 /* Build configuration list for PBXNativeTarget "MyMealPrep" */;
			buildPhases = (
				7B8B95181196FFD76359FFEA /* [CP] Check Pods Manifest.lock */,
				EB3CF5FD25D34F7F00AF6B91 /* Sources */,
				EB3CF5FE25D34F7F00AF6B91 /* Frameworks */,
				EB3CF5FF25D34F7F00AF6B91 /* Resources */,
				2531CDADDEDE1FCE55F75F71 /* [CP] Embed Pods Frameworks */,
			);
			buildRules = (
			);
			dependencies = (
			);
			name = MyMealPrep;
			productName = MyMealPrep;
			productReference = EB3CF60125D34F7F00AF6B91 /* MyMealPrep.app */;
			productType = "com.apple.product-type.application";
		};
/* End PBXNativeTarget section */

/* Begin PBXProject section */
		EB3CF5F925D34F7F00AF6B91 /* Project object */ = {
			isa = PBXProject;
			attributes = {
				LastSwiftUpdateCheck = 1240;
				LastUpgradeCheck = 1240;
				TargetAttributes = {
					EB3CF60025D34F7F00AF6B91 = {
						CreatedOnToolsVersion = 12.4;
					};
				};
			};
			buildConfigurationList = EB3CF5FC25D34F7F00AF6B91 /* Build configuration list for PBXProject "MyMealPrep" */;
			compatibilityVersion = "Xcode 9.3";
			developmentRegion = en;
			hasScannedForEncodings = 0;
			knownRegions = (
				en,
				Base,
			);
			mainGroup = EB3CF5F825D34F7F00AF6B91;
			productRefGroup = EB3CF60225D34F7F00AF6B91 /* Products */;
			projectDirPath = "";
			projectRoot = "";
			targets = (
				EB3CF60025D34F7F00AF6B91 /* MyMealPrep */,
			);
		};
/* End PBXProject section */

/* Begin PBXResourcesBuildPhase section */
		EB3CF5FF25D34F7F00AF6B91 /* Resources */ = {
			isa = PBXResourcesBuildPhase;
			buildActionMask = 2147483647;
			files = (
				EB3CF64C25D379F600AF6B91 /* Colors.xcassets in Resources */,
				EB3CF61125D34F7F00AF6B91 /* LaunchScreen.storyboard in Resources */,
				EB94E33725D6349F000A518C /* MealPlan.storyboard in Resources */,
				EB94E33025D633BA000A518C /* ShoppingList.storyboard in Resources */,
				EB3CF62625D350B000AF6B91 /* GoogleService-Info.plist in Resources */,
				EB94E2B925D49285000A518C /* HomeScreen.storyboard in Resources */,
				EB3CF60E25D34F7F00AF6B91 /* Assets.xcassets in Resources */,
				EB94E33325D633D0000A518C /* RecipeBook.storyboard in Resources */,
				EB3CF60C25D34F7F00AF6B91 /* Main.storyboard in Resources */,
				EB94E32D25D633A4000A518C /* Profile.storyboard in Resources */,
			);
			runOnlyForDeploymentPostprocessing = 0;
		};
/* End PBXResourcesBuildPhase section */

/* Begin PBXShellScriptBuildPhase section */
		2531CDADDEDE1FCE55F75F71 /* [CP] Embed Pods Frameworks */ = {
			isa = PBXShellScriptBuildPhase;
			buildActionMask = 2147483647;
			files = (
			);
			inputFileListPaths = (
				"${PODS_ROOT}/Target Support Files/Pods-MyMealPrep/Pods-MyMealPrep-frameworks-${CONFIGURATION}-input-files.xcfilelist",
			);
			name = "[CP] Embed Pods Frameworks";
			outputFileListPaths = (
				"${PODS_ROOT}/Target Support Files/Pods-MyMealPrep/Pods-MyMealPrep-frameworks-${CONFIGURATION}-output-files.xcfilelist",
			);
			runOnlyForDeploymentPostprocessing = 0;
			shellPath = /bin/sh;
			shellScript = "\"${PODS_ROOT}/Target Support Files/Pods-MyMealPrep/Pods-MyMealPrep-frameworks.sh\"\n";
			showEnvVarsInLog = 0;
		};
		7B8B95181196FFD76359FFEA /* [CP] Check Pods Manifest.lock */ = {
			isa = PBXShellScriptBuildPhase;
			buildActionMask = 2147483647;
			files = (
			);
			inputFileListPaths = (
			);
			inputPaths = (
				"${PODS_PODFILE_DIR_PATH}/Podfile.lock",
				"${PODS_ROOT}/Manifest.lock",
			);
			name = "[CP] Check Pods Manifest.lock";
			outputFileListPaths = (
			);
			outputPaths = (
				"$(DERIVED_FILE_DIR)/Pods-MyMealPrep-checkManifestLockResult.txt",
			);
			runOnlyForDeploymentPostprocessing = 0;
			shellPath = /bin/sh;
			shellScript = "diff \"${PODS_PODFILE_DIR_PATH}/Podfile.lock\" \"${PODS_ROOT}/Manifest.lock\" > /dev/null\nif [ $? != 0 ] ; then\n    # print error to STDERR\n    echo \"error: The sandbox is not in sync with the Podfile.lock. Run 'pod install' or update your CocoaPods installation.\" >&2\n    exit 1\nfi\n# This output is used by Xcode 'outputs' to avoid re-running this script phase.\necho \"SUCCESS\" > \"${SCRIPT_OUTPUT_FILE_0}\"\n";
			showEnvVarsInLog = 0;
		};
/* End PBXShellScriptBuildPhase section */

/* Begin PBXSourcesBuildPhase section */
		EB3CF5FD25D34F7F00AF6B91 /* Sources */ = {
			isa = PBXSourcesBuildPhase;
			buildActionMask = 2147483647;
			files = (
				EB94E38A25D78BA9000A518C /* MealPlanDetailViewController.swift in Sources */,
				EB3CF60525D34F7F00AF6B91 /* AppDelegate.swift in Sources */,
				EB94E37E25D781AB000A518C /* MealPlanController.swift in Sources */,
				EB94E32825D5F35C000A518C /* ShoppingList.swift in Sources */,
				EB3CF60725D34F7F00AF6B91 /* SceneDelegate.swift in Sources */,
				EB94E29225D45E27000A518C /* RecipeController.swift in Sources */,
				EB94E3C225D79A05000A518C /* ProfileViewController.swift in Sources */,
				EB94E32525D5F1E3000A518C /* MealPlan.swift in Sources */,
				EB3CF64725D364FD00AF6B91 /* UserController.swift in Sources */,
				EB94E28F25D4578C000A518C /* Recipe.swift in Sources */,
				EB3CF63D25D3621000AF6B91 /* User.swift in Sources */,
				EB94E29A25D482D0000A518C /* SignUpViewController.swift in Sources */,
				EB94E37825D759FA000A518C /* MealPlanListTableViewCell.swift in Sources */,
				EB94E29525D46046000A518C /* RecipeError.swift in Sources */,
				EB94E47725DAFDD3000A518C /* SelectMealPlanRecipesTableViewController.swift in Sources */,
				EB94E29D25D482DB000A518C /* SignInViewController.swift in Sources */,
				EB94E37B25D77FA7000A518C /* SelectMealPlanDateViewController.swift in Sources */,
				EB3CF64125D363B000AF6B91 /* UserError.swift in Sources */,
				EB94E33F25D738DE000A518C /* MealPlanListViewController.swift in Sources */,
			);
			runOnlyForDeploymentPostprocessing = 0;
		};
/* End PBXSourcesBuildPhase section */

/* Begin PBXVariantGroup section */
		EB3CF60A25D34F7F00AF6B91 /* Main.storyboard */ = {
			isa = PBXVariantGroup;
			children = (
				EB3CF60B25D34F7F00AF6B91 /* Base */,
			);
			name = Main.storyboard;
			sourceTree = "<group>";
		};
		EB3CF60F25D34F7F00AF6B91 /* LaunchScreen.storyboard */ = {
			isa = PBXVariantGroup;
			children = (
				EB3CF61025D34F7F00AF6B91 /* Base */,
			);
			name = LaunchScreen.storyboard;
			sourceTree = "<group>";
		};
/* End PBXVariantGroup section */

/* Begin XCBuildConfiguration section */
		EB3CF61325D34F7F00AF6B91 /* Debug */ = {
			isa = XCBuildConfiguration;
			buildSettings = {
				ALWAYS_SEARCH_USER_PATHS = NO;
				CLANG_ANALYZER_NONNULL = YES;
				CLANG_ANALYZER_NUMBER_OBJECT_CONVERSION = YES_AGGRESSIVE;
				CLANG_CXX_LANGUAGE_STANDARD = "gnu++14";
				CLANG_CXX_LIBRARY = "libc++";
				CLANG_ENABLE_MODULES = YES;
				CLANG_ENABLE_OBJC_ARC = YES;
				CLANG_ENABLE_OBJC_WEAK = YES;
				CLANG_WARN_BLOCK_CAPTURE_AUTORELEASING = YES;
				CLANG_WARN_BOOL_CONVERSION = YES;
				CLANG_WARN_COMMA = YES;
				CLANG_WARN_CONSTANT_CONVERSION = YES;
				CLANG_WARN_DEPRECATED_OBJC_IMPLEMENTATIONS = YES;
				CLANG_WARN_DIRECT_OBJC_ISA_USAGE = YES_ERROR;
				CLANG_WARN_DOCUMENTATION_COMMENTS = YES;
				CLANG_WARN_EMPTY_BODY = YES;
				CLANG_WARN_ENUM_CONVERSION = YES;
				CLANG_WARN_INFINITE_RECURSION = YES;
				CLANG_WARN_INT_CONVERSION = YES;
				CLANG_WARN_NON_LITERAL_NULL_CONVERSION = YES;
				CLANG_WARN_OBJC_IMPLICIT_RETAIN_SELF = YES;
				CLANG_WARN_OBJC_LITERAL_CONVERSION = YES;
				CLANG_WARN_OBJC_ROOT_CLASS = YES_ERROR;
				CLANG_WARN_QUOTED_INCLUDE_IN_FRAMEWORK_HEADER = YES;
				CLANG_WARN_RANGE_LOOP_ANALYSIS = YES;
				CLANG_WARN_STRICT_PROTOTYPES = YES;
				CLANG_WARN_SUSPICIOUS_MOVE = YES;
				CLANG_WARN_UNGUARDED_AVAILABILITY = YES_AGGRESSIVE;
				CLANG_WARN_UNREACHABLE_CODE = YES;
				CLANG_WARN__DUPLICATE_METHOD_MATCH = YES;
				COPY_PHASE_STRIP = NO;
				DEBUG_INFORMATION_FORMAT = dwarf;
				ENABLE_STRICT_OBJC_MSGSEND = YES;
				ENABLE_TESTABILITY = YES;
				GCC_C_LANGUAGE_STANDARD = gnu11;
				GCC_DYNAMIC_NO_PIC = NO;
				GCC_NO_COMMON_BLOCKS = YES;
				GCC_OPTIMIZATION_LEVEL = 0;
				GCC_PREPROCESSOR_DEFINITIONS = (
					"DEBUG=1",
					"$(inherited)",
				);
				GCC_WARN_64_TO_32_BIT_CONVERSION = YES;
				GCC_WARN_ABOUT_RETURN_TYPE = YES_ERROR;
				GCC_WARN_UNDECLARED_SELECTOR = YES;
				GCC_WARN_UNINITIALIZED_AUTOS = YES_AGGRESSIVE;
				GCC_WARN_UNUSED_FUNCTION = YES;
				GCC_WARN_UNUSED_VARIABLE = YES;
				IPHONEOS_DEPLOYMENT_TARGET = 14.4;
				MTL_ENABLE_DEBUG_INFO = INCLUDE_SOURCE;
				MTL_FAST_MATH = YES;
				ONLY_ACTIVE_ARCH = YES;
				SDKROOT = iphoneos;
				SWIFT_ACTIVE_COMPILATION_CONDITIONS = DEBUG;
				SWIFT_OPTIMIZATION_LEVEL = "-Onone";
			};
			name = Debug;
		};
		EB3CF61425D34F7F00AF6B91 /* Release */ = {
			isa = XCBuildConfiguration;
			buildSettings = {
				ALWAYS_SEARCH_USER_PATHS = NO;
				CLANG_ANALYZER_NONNULL = YES;
				CLANG_ANALYZER_NUMBER_OBJECT_CONVERSION = YES_AGGRESSIVE;
				CLANG_CXX_LANGUAGE_STANDARD = "gnu++14";
				CLANG_CXX_LIBRARY = "libc++";
				CLANG_ENABLE_MODULES = YES;
				CLANG_ENABLE_OBJC_ARC = YES;
				CLANG_ENABLE_OBJC_WEAK = YES;
				CLANG_WARN_BLOCK_CAPTURE_AUTORELEASING = YES;
				CLANG_WARN_BOOL_CONVERSION = YES;
				CLANG_WARN_COMMA = YES;
				CLANG_WARN_CONSTANT_CONVERSION = YES;
				CLANG_WARN_DEPRECATED_OBJC_IMPLEMENTATIONS = YES;
				CLANG_WARN_DIRECT_OBJC_ISA_USAGE = YES_ERROR;
				CLANG_WARN_DOCUMENTATION_COMMENTS = YES;
				CLANG_WARN_EMPTY_BODY = YES;
				CLANG_WARN_ENUM_CONVERSION = YES;
				CLANG_WARN_INFINITE_RECURSION = YES;
				CLANG_WARN_INT_CONVERSION = YES;
				CLANG_WARN_NON_LITERAL_NULL_CONVERSION = YES;
				CLANG_WARN_OBJC_IMPLICIT_RETAIN_SELF = YES;
				CLANG_WARN_OBJC_LITERAL_CONVERSION = YES;
				CLANG_WARN_OBJC_ROOT_CLASS = YES_ERROR;
				CLANG_WARN_QUOTED_INCLUDE_IN_FRAMEWORK_HEADER = YES;
				CLANG_WARN_RANGE_LOOP_ANALYSIS = YES;
				CLANG_WARN_STRICT_PROTOTYPES = YES;
				CLANG_WARN_SUSPICIOUS_MOVE = YES;
				CLANG_WARN_UNGUARDED_AVAILABILITY = YES_AGGRESSIVE;
				CLANG_WARN_UNREACHABLE_CODE = YES;
				CLANG_WARN__DUPLICATE_METHOD_MATCH = YES;
				COPY_PHASE_STRIP = NO;
				DEBUG_INFORMATION_FORMAT = "dwarf-with-dsym";
				ENABLE_NS_ASSERTIONS = NO;
				ENABLE_STRICT_OBJC_MSGSEND = YES;
				GCC_C_LANGUAGE_STANDARD = gnu11;
				GCC_NO_COMMON_BLOCKS = YES;
				GCC_WARN_64_TO_32_BIT_CONVERSION = YES;
				GCC_WARN_ABOUT_RETURN_TYPE = YES_ERROR;
				GCC_WARN_UNDECLARED_SELECTOR = YES;
				GCC_WARN_UNINITIALIZED_AUTOS = YES_AGGRESSIVE;
				GCC_WARN_UNUSED_FUNCTION = YES;
				GCC_WARN_UNUSED_VARIABLE = YES;
				IPHONEOS_DEPLOYMENT_TARGET = 14.4;
				MTL_ENABLE_DEBUG_INFO = NO;
				MTL_FAST_MATH = YES;
				SDKROOT = iphoneos;
				SWIFT_COMPILATION_MODE = wholemodule;
				SWIFT_OPTIMIZATION_LEVEL = "-O";
				VALIDATE_PRODUCT = YES;
			};
			name = Release;
		};
		EB3CF61625D34F7F00AF6B91 /* Debug */ = {
			isa = XCBuildConfiguration;
			baseConfigurationReference = 010CCC4B42CD8BCBCF168AFD /* Pods-MyMealPrep.debug.xcconfig */;
			buildSettings = {
				ASSETCATALOG_COMPILER_APPICON_NAME = AppIcon;
				ASSETCATALOG_COMPILER_GLOBAL_ACCENT_COLOR_NAME = AccentColor;
				CODE_SIGN_STYLE = Automatic;
				DEVELOPMENT_TEAM = 7C8HG37K7Q;
				INFOPLIST_FILE = "$(SRCROOT)/MyMealPrep/Resources/Info.plist";
				LD_RUNPATH_SEARCH_PATHS = (
					"$(inherited)",
					"@executable_path/Frameworks",
				);
				PRODUCT_BUNDLE_IDENTIFIER = Haz.MyMealPrep;
				PRODUCT_NAME = "$(TARGET_NAME)";
				SWIFT_VERSION = 5.0;
				TARGETED_DEVICE_FAMILY = "1,2";
			};
			name = Debug;
		};
		EB3CF61725D34F7F00AF6B91 /* Release */ = {
			isa = XCBuildConfiguration;
			baseConfigurationReference = B16BE7CC59D54E9FD50F2B1D /* Pods-MyMealPrep.release.xcconfig */;
			buildSettings = {
				ASSETCATALOG_COMPILER_APPICON_NAME = AppIcon;
				ASSETCATALOG_COMPILER_GLOBAL_ACCENT_COLOR_NAME = AccentColor;
				CODE_SIGN_STYLE = Automatic;
				DEVELOPMENT_TEAM = 7C8HG37K7Q;
				INFOPLIST_FILE = "$(SRCROOT)/MyMealPrep/Resources/Info.plist";
				LD_RUNPATH_SEARCH_PATHS = (
					"$(inherited)",
					"@executable_path/Frameworks",
				);
				PRODUCT_BUNDLE_IDENTIFIER = Haz.MyMealPrep;
				PRODUCT_NAME = "$(TARGET_NAME)";
				SWIFT_VERSION = 5.0;
				TARGETED_DEVICE_FAMILY = "1,2";
			};
			name = Release;
		};
/* End XCBuildConfiguration section */

/* Begin XCConfigurationList section */
		EB3CF5FC25D34F7F00AF6B91 /* Build configuration list for PBXProject "MyMealPrep" */ = {
			isa = XCConfigurationList;
			buildConfigurations = (
				EB3CF61325D34F7F00AF6B91 /* Debug */,
				EB3CF61425D34F7F00AF6B91 /* Release */,
			);
			defaultConfigurationIsVisible = 0;
			defaultConfigurationName = Release;
		};
		EB3CF61525D34F7F00AF6B91 /* Build configuration list for PBXNativeTarget "MyMealPrep" */ = {
			isa = XCConfigurationList;
			buildConfigurations = (
				EB3CF61625D34F7F00AF6B91 /* Debug */,
				EB3CF61725D34F7F00AF6B91 /* Release */,
			);
			defaultConfigurationIsVisible = 0;
			defaultConfigurationName = Release;
		};
/* End XCConfigurationList section */
	};
	rootObject = EB3CF5F925D34F7F00AF6B91 /* Project object */;
}
